
Microsoft Visual Studio Solution File, Format Version 12.00
# Visual Studio Version 17
VisualStudioVersion = 17.0.31903.59
MinimumVisualStudioVersion = 10.0.40219.1
Project("{2150E333-8FDC-42A3-9474-1A3956D46DE8}") = "src", "src", "{827E0CD3-B72D-47B6-A68D-7590B98EB39B}"
EndProject
Project("{FAE04EC0-301F-11D3-BF4B-00C04F79EFBC}") = "SiesaAgents.API", "src\SiesaAgents.API\SiesaAgents.API.csproj", "{997C6706-6702-49E2-9897-94B06CEB2979}"
EndProject
Project("{FAE04EC0-301F-11D3-BF4B-00C04F79EFBC}") = "SiesaAgents.Application", "src\SiesaAgents.Application\SiesaAgents.Application.csproj", "{08631011-E68D-4072-8E3F-DAB863CDA8A1}"
EndProject
Project("{FAE04EC0-301F-11D3-BF4B-00C04F79EFBC}") = "SiesaAgents.Domain", "src\SiesaAgents.Domain\SiesaAgents.Domain.csproj", "{D847CFCE-200C-4080-B216-B930E596A904}"
EndProject
Project("{FAE04EC0-301F-11D3-BF4B-00C04F79EFBC}") = "SiesaAgents.Infrastructure", "src\SiesaAgents.Infrastructure\SiesaAgents.Infrastructure.csproj", "{162ED018-1AF9-4DD7-9AD7-747A8BCD639D}"
EndProject
Project("{2150E333-8FDC-42A3-9474-1A3956D46DE8}") = "tests", "tests", "{0AB3BF05-4346-4AA6-1389-037BE0695223}"
EndProject
Project("{FAE04EC0-301F-11D3-BF4B-00C04F79EFBC}") = "SiesaAgents.UnitTests", "tests\SiesaAgents.UnitTests\SiesaAgents.UnitTests.csproj", "{4E3EFA37-829C-4BBE-8818-0A9D242CE17F}"
EndProject
Project("{FAE04EC0-301F-11D3-BF4B-00C04F79EFBC}") = "SiesaAgents.IntegrationTests", "tests\SiesaAgents.IntegrationTests\SiesaAgents.IntegrationTests.csproj", "{7934B450-B232-458D-AC64-0E359CDA76BC}"
EndProject
Global
	GlobalSection(SolutionConfigurationPlatforms) = preSolution
		Debug|Any CPU = Debug|Any CPU
		Debug|x64 = Debug|x64
		Debug|x86 = Debug|x86
		Release|Any CPU = Release|Any CPU
		Release|x64 = Release|x64
		Release|x86 = Release|x86
	EndGlobalSection
	GlobalSection(ProjectConfigurationPlatforms) = postSolution
		{997C6706-6702-49E2-9897-94B06CEB2979}.Debug|Any CPU.ActiveCfg = Debug|Any CPU
		{997C6706-6702-49E2-9897-94B06CEB2979}.Debug|Any CPU.Build.0 = Debug|Any CPU
		{997C6706-6702-49E2-9897-94B06CEB2979}.Debug|x64.ActiveCfg = Debug|Any CPU
		{997C6706-6702-49E2-9897-94B06CEB2979}.Debug|x64.Build.0 = Debug|Any CPU
		{997C6706-6702-49E2-9897-94B06CEB2979}.Debug|x86.ActiveCfg = Debug|Any CPU
		{997C6706-6702-49E2-9897-94B06CEB2979}.Debug|x86.Build.0 = Debug|Any CPU
		{997C6706-6702-49E2-9897-94B06CEB2979}.Release|Any CPU.ActiveCfg = Release|Any CPU
		{997C6706-6702-49E2-9897-94B06CEB2979}.Release|Any CPU.Build.0 = Release|Any CPU
		{997C6706-6702-49E2-9897-94B06CEB2979}.Release|x64.ActiveCfg = Release|Any CPU
		{997C6706-6702-49E2-9897-94B06CEB2979}.Release|x64.Build.0 = Release|Any CPU
		{997C6706-6702-49E2-9897-94B06CEB2979}.Release|x86.ActiveCfg = Release|Any CPU
		{997C6706-6702-49E2-9897-94B06CEB2979}.Release|x86.Build.0 = Release|Any CPU
		{08631011-E68D-4072-8E3F-DAB863CDA8A1}.Debug|Any CPU.ActiveCfg = Debug|Any CPU
		{08631011-E68D-4072-8E3F-DAB863CDA8A1}.Debug|Any CPU.Build.0 = Debug|Any CPU
		{08631011-E68D-4072-8E3F-DAB863CDA8A1}.Debug|x64.ActiveCfg = Debug|Any CPU
		{08631011-E68D-4072-8E3F-DAB863CDA8A1}.Debug|x64.Build.0 = Debug|Any CPU
		{08631011-E68D-4072-8E3F-DAB863CDA8A1}.Debug|x86.ActiveCfg = Debug|Any CPU
		{08631011-E68D-4072-8E3F-DAB863CDA8A1}.Debug|x86.Build.0 = Debug|Any CPU
		{08631011-E68D-4072-8E3F-DAB863CDA8A1}.Release|Any CPU.ActiveCfg = Release|Any CPU
		{08631011-E68D-4072-8E3F-DAB863CDA8A1}.Release|Any CPU.Build.0 = Release|Any CPU
		{08631011-E68D-4072-8E3F-DAB863CDA8A1}.Release|x64.ActiveCfg = Release|Any CPU
		{08631011-E68D-4072-8E3F-DAB863CDA8A1}.Release|x64.Build.0 = Release|Any CPU
		{08631011-E68D-4072-8E3F-DAB863CDA8A1}.Release|x86.ActiveCfg = Release|Any CPU
		{08631011-E68D-4072-8E3F-DAB863CDA8A1}.Release|x86.Build.0 = Release|Any CPU
		{D847CFCE-200C-4080-B216-B930E596A904}.Debug|Any CPU.ActiveCfg = Debug|Any CPU
		{D847CFCE-200C-4080-B216-B930E596A904}.Debug|Any CPU.Build.0 = Debug|Any CPU
		{D847CFCE-200C-4080-B216-B930E596A904}.Debug|x64.ActiveCfg = Debug|Any CPU
		{D847CFCE-200C-4080-B216-B930E596A904}.Debug|x64.Build.0 = Debug|Any CPU
		{D847CFCE-200C-4080-B216-B930E596A904}.Debug|x86.ActiveCfg = Debug|Any CPU
		{D847CFCE-200C-4080-B216-B930E596A904}.Debug|x86.Build.0 = Debug|Any CPU
		{D847CFCE-200C-4080-B216-B930E596A904}.Release|Any CPU.ActiveCfg = Release|Any CPU
		{D847CFCE-200C-4080-B216-B930E596A904}.Release|Any CPU.Build.0 = Release|Any CPU
		{D847CFCE-200C-4080-B216-B930E596A904}.Release|x64.ActiveCfg = Release|Any CPU
		{D847CFCE-200C-4080-B216-B930E596A904}.Release|x64.Build.0 = Release|Any CPU
		{D847CFCE-200C-4080-B216-B930E596A904}.Release|x86.ActiveCfg = Release|Any CPU
		{D847CFCE-200C-4080-B216-B930E596A904}.Release|x86.Build.0 = Release|Any CPU
		{162ED018-1AF9-4DD7-9AD7-747A8BCD639D}.Debug|Any CPU.ActiveCfg = Debug|Any CPU
		{162ED018-1AF9-4DD7-9AD7-747A8BCD639D}.Debug|Any CPU.Build.0 = Debug|Any CPU
		{162ED018-1AF9-4DD7-9AD7-747A8BCD639D}.Debug|x64.ActiveCfg = Debug|Any CPU
		{162ED018-1AF9-4DD7-9AD7-747A8BCD639D}.Debug|x64.Build.0 = Debug|Any CPU
		{162ED018-1AF9-4DD7-9AD7-747A8BCD639D}.Debug|x86.ActiveCfg = Debug|Any CPU
		{162ED018-1AF9-4DD7-9AD7-747A8BCD639D}.Debug|x86.Build.0 = Debug|Any CPU
		{162ED018-1AF9-4DD7-9AD7-747A8BCD639D}.Release|Any CPU.ActiveCfg = Release|Any CPU
		{162ED018-1AF9-4DD7-9AD7-747A8BCD639D}.Release|Any CPU.Build.0 = Release|Any CPU
		{162ED018-1AF9-4DD7-9AD7-747A8BCD639D}.Release|x64.ActiveCfg = Release|Any CPU
		{162ED018-1AF9-4DD7-9AD7-747A8BCD639D}.Release|x64.Build.0 = Release|Any CPU
		{162ED018-1AF9-4DD7-9AD7-747A8BCD639D}.Release|x86.ActiveCfg = Release|Any CPU
		{162ED018-1AF9-4DD7-9AD7-747A8BCD639D}.Release|x86.Build.0 = Release|Any CPU
		{4E3EFA37-829C-4BBE-8818-0A9D242CE17F}.Debug|Any CPU.ActiveCfg = Debug|Any CPU
		{4E3EFA37-829C-4BBE-8818-0A9D242CE17F}.Debug|Any CPU.Build.0 = Debug|Any CPU
		{4E3EFA37-829C-4BBE-8818-0A9D242CE17F}.Debug|x64.ActiveCfg = Debug|Any CPU
		{4E3EFA37-829C-4BBE-8818-0A9D242CE17F}.Debug|x64.Build.0 = Debug|Any CPU
		{4E3EFA37-829C-4BBE-8818-0A9D242CE17F}.Debug|x86.ActiveCfg = Debug|Any CPU
		{4E3EFA37-829C-4BBE-8818-0A9D242CE17F}.Debug|x86.Build.0 = Debug|Any CPU
		{4E3EFA37-829C-4BBE-8818-0A9D242CE17F}.Release|Any CPU.ActiveCfg = Release|Any CPU
		{4E3EFA37-829C-4BBE-8818-0A9D242CE17F}.Release|Any CPU.Build.0 = Release|Any CPU
		{4E3EFA37-829C-4BBE-8818-0A9D242CE17F}.Release|x64.ActiveCfg = Release|Any CPU
		{4E3EFA37-829C-4BBE-8818-0A9D242CE17F}.Release|x64.Build.0 = Release|Any CPU
		{4E3EFA37-829C-4BBE-8818-0A9D242CE17F}.Release|x86.ActiveCfg = Release|Any CPU
		{4E3EFA37-829C-4BBE-8818-0A9D242CE17F}.Release|x86.Build.0 = Release|Any CPU
		{7934B450-B232-458D-AC64-0E359CDA76BC}.Debug|Any CPU.ActiveCfg = Debug|Any CPU
		{7934B450-B232-458D-AC64-0E359CDA76BC}.Debug|Any CPU.Build.0 = Debug|Any CPU
		{7934B450-B232-458D-AC64-0E359CDA76BC}.Debug|x64.ActiveCfg = Debug|Any CPU
		{7934B450-B232-458D-AC64-0E359CDA76BC}.Debug|x64.Build.0 = Debug|Any CPU
		{7934B450-B232-458D-AC64-0E359CDA76BC}.Debug|x86.ActiveCfg = Debug|Any CPU
		{7934B450-B232-458D-AC64-0E359CDA76BC}.Debug|x86.Build.0 = Debug|Any CPU
		{7934B450-B232-458D-AC64-0E359CDA76BC}.Release|Any CPU.ActiveCfg = Release|Any CPU
		{7934B450-B232-458D-AC64-0E359CDA76BC}.Release|Any CPU.Build.0 = Release|Any CPU
		{7934B450-B232-458D-AC64-0E359CDA76BC}.Release|x64.ActiveCfg = Release|Any CPU
		{7934B450-B232-458D-AC64-0E359CDA76BC}.Release|x64.Build.0 = Release|Any CPU
		{7934B450-B232-458D-AC64-0E359CDA76BC}.Release|x86.ActiveCfg = Release|Any CPU
		{7934B450-B232-458D-AC64-0E359CDA76BC}.Release|x86.Build.0 = Release|Any CPU
	EndGlobalSection
	GlobalSection(SolutionProperties) = preSolution
		HideSolutionNode = FALSE
	EndGlobalSection
	GlobalSection(NestedProjects) = preSolution
		{997C6706-6702-49E2-9897-94B06CEB2979} = {827E0CD3-B72D-47B6-A68D-7590B98EB39B}
		{08631011-E68D-4072-8E3F-DAB863CDA8A1} = {827E0CD3-B72D-47B6-A68D-7590B98EB39B}
		{D847CFCE-200C-4080-B216-B930E596A904} = {827E0CD3-B72D-47B6-A68D-7590B98EB39B}
		{162ED018-1AF9-4DD7-9AD7-747A8BCD639D} = {827E0CD3-B72D-47B6-A68D-7590B98EB39B}
		{4E3EFA37-829C-4BBE-8818-0A9D242CE17F} = {0AB3BF05-4346-4AA6-1389-037BE0695223}
		{7934B450-B232-458D-AC64-0E359CDA76BC} = {0AB3BF05-4346-4AA6-1389-037BE0695223}
	EndGlobalSection
EndGlobal
