
Microsoft Visual Studio Solution File, Format Version 12.00
# Visual Studio Version 17
VisualStudioVersion = 17.0.31903.59
MinimumVisualStudioVersion = 10.0.40219.1
Project("{2150E333-8FDC-42A3-9474-1A3956D46DE8}") = "src", "src", "{827E0CD3-B72D-47B6-A68D-7590B98EB39B}"
EndProject
Project("{FAE04EC0-301F-11D3-BF4B-00C04F79EFBC}") = "SiesaAgents.API", "src\SiesaAgents.API\SiesaAgents.API.csproj", "{99CD52E5-9972-469C-AF5F-93C3E7C23DB9}"
EndProject
Project("{FAE04EC0-301F-11D3-BF4B-00C04F79EFBC}") = "SiesaAgents.Application", "src\SiesaAgents.Application\SiesaAgents.Application.csproj", "{A39DF8CA-4569-49AF-8A68-9C0FD442C2BA}"
EndProject
Project("{FAE04EC0-301F-11D3-BF4B-00C04F79EFBC}") = "SiesaAgents.Domain", "src\SiesaAgents.Domain\SiesaAgents.Domain.csproj", "{3892036D-D368-41FE-B20A-833869A74C2A}"
EndProject
Project("{FAE04EC0-301F-11D3-BF4B-00C04F79EFBC}") = "SiesaAgents.Infrastructure", "src\SiesaAgents.Infrastructure\SiesaAgents.Infrastructure.csproj", "{C8A71752-3BD9-41BF-AC20-129E6762B507}"
EndProject
Project("{2150E333-8FDC-42A3-9474-1A3956D46DE8}") = "tests", "tests", "{0AB3BF05-4346-4AA6-1389-037BE0695223}"
EndProject
Project("{FAE04EC0-301F-11D3-BF4B-00C04F79EFBC}") = "SiesaAgents.UnitTests", "tests\SiesaAgents.UnitTests\SiesaAgents.UnitTests.csproj", "{CD0ECAFC-39F6-4BDC-8CF1-9719E7B3D121}"
EndProject
Global
	GlobalSection(SolutionConfigurationPlatforms) = preSolution
		Debug|Any CPU = Debug|Any CPU
		Debug|x64 = Debug|x64
		Debug|x86 = Debug|x86
		Release|Any CPU = Release|Any CPU
		Release|x64 = Release|x64
		Release|x86 = Release|x86
	EndGlobalSection
	GlobalSection(ProjectConfigurationPlatforms) = postSolution
		{99CD52E5-9972-469C-AF5F-93C3E7C23DB9}.Debug|Any CPU.ActiveCfg = Debug|Any CPU
		{99CD52E5-9972-469C-AF5F-93C3E7C23DB9}.Debug|Any CPU.Build.0 = Debug|Any CPU
		{99CD52E5-9972-469C-AF5F-93C3E7C23DB9}.Debug|x64.ActiveCfg = Debug|Any CPU
		{99CD52E5-9972-469C-AF5F-93C3E7C23DB9}.Debug|x64.Build.0 = Debug|Any CPU
		{99CD52E5-9972-469C-AF5F-93C3E7C23DB9}.Debug|x86.ActiveCfg = Debug|Any CPU
		{99CD52E5-9972-469C-AF5F-93C3E7C23DB9}.Debug|x86.Build.0 = Debug|Any CPU
		{99CD52E5-9972-469C-AF5F-93C3E7C23DB9}.Release|Any CPU.ActiveCfg = Release|Any CPU
		{99CD52E5-9972-469C-AF5F-93C3E7C23DB9}.Release|Any CPU.Build.0 = Release|Any CPU
		{99CD52E5-9972-469C-AF5F-93C3E7C23DB9}.Release|x64.ActiveCfg = Release|Any CPU
		{99CD52E5-9972-469C-AF5F-93C3E7C23DB9}.Release|x64.Build.0 = Release|Any CPU
		{99CD52E5-9972-469C-AF5F-93C3E7C23DB9}.Release|x86.ActiveCfg = Release|Any CPU
		{99CD52E5-9972-469C-AF5F-93C3E7C23DB9}.Release|x86.Build.0 = Release|Any CPU
		{A39DF8CA-4569-49AF-8A68-9C0FD442C2BA}.Debug|Any CPU.ActiveCfg = Debug|Any CPU
		{A39DF8CA-4569-49AF-8A68-9C0FD442C2BA}.Debug|Any CPU.Build.0 = Debug|Any CPU
		{A39DF8CA-4569-49AF-8A68-9C0FD442C2BA}.Debug|x64.ActiveCfg = Debug|Any CPU
		{A39DF8CA-4569-49AF-8A68-9C0FD442C2BA}.Debug|x64.Build.0 = Debug|Any CPU
		{A39DF8CA-4569-49AF-8A68-9C0FD442C2BA}.Debug|x86.ActiveCfg = Debug|Any CPU
		{A39DF8CA-4569-49AF-8A68-9C0FD442C2BA}.Debug|x86.Build.0 = Debug|Any CPU
		{A39DF8CA-4569-49AF-8A68-9C0FD442C2BA}.Release|Any CPU.ActiveCfg = Release|Any CPU
		{A39DF8CA-4569-49AF-8A68-9C0FD442C2BA}.Release|Any CPU.Build.0 = Release|Any CPU
		{A39DF8CA-4569-49AF-8A68-9C0FD442C2BA}.Release|x64.ActiveCfg = Release|Any CPU
		{A39DF8CA-4569-49AF-8A68-9C0FD442C2BA}.Release|x64.Build.0 = Release|Any CPU
		{A39DF8CA-4569-49AF-8A68-9C0FD442C2BA}.Release|x86.ActiveCfg = Release|Any CPU
		{A39DF8CA-4569-49AF-8A68-9C0FD442C2BA}.Release|x86.Build.0 = Release|Any CPU
		{3892036D-D368-41FE-B20A-833869A74C2A}.Debug|Any CPU.ActiveCfg = Debug|Any CPU
		{3892036D-D368-41FE-B20A-833869A74C2A}.Debug|Any CPU.Build.0 = Debug|Any CPU
		{3892036D-D368-41FE-B20A-833869A74C2A}.Debug|x64.ActiveCfg = Debug|Any CPU
		{3892036D-D368-41FE-B20A-833869A74C2A}.Debug|x64.Build.0 = Debug|Any CPU
		{3892036D-D368-41FE-B20A-833869A74C2A}.Debug|x86.ActiveCfg = Debug|Any CPU
		{3892036D-D368-41FE-B20A-833869A74C2A}.Debug|x86.Build.0 = Debug|Any CPU
		{3892036D-D368-41FE-B20A-833869A74C2A}.Release|Any CPU.ActiveCfg = Release|Any CPU
		{3892036D-D368-41FE-B20A-833869A74C2A}.Release|Any CPU.Build.0 = Release|Any CPU
		{3892036D-D368-41FE-B20A-833869A74C2A}.Release|x64.ActiveCfg = Release|Any CPU
		{3892036D-D368-41FE-B20A-833869A74C2A}.Release|x64.Build.0 = Release|Any CPU
		{3892036D-D368-41FE-B20A-833869A74C2A}.Release|x86.ActiveCfg = Release|Any CPU
		{3892036D-D368-41FE-B20A-833869A74C2A}.Release|x86.Build.0 = Release|Any CPU
		{C8A71752-3BD9-41BF-AC20-129E6762B507}.Debug|Any CPU.ActiveCfg = Debug|Any CPU
		{C8A71752-3BD9-41BF-AC20-129E6762B507}.Debug|Any CPU.Build.0 = Debug|Any CPU
		{C8A71752-3BD9-41BF-AC20-129E6762B507}.Debug|x64.ActiveCfg = Debug|Any CPU
		{C8A71752-3BD9-41BF-AC20-129E6762B507}.Debug|x64.Build.0 = Debug|Any CPU
		{C8A71752-3BD9-41BF-AC20-129E6762B507}.Debug|x86.ActiveCfg = Debug|Any CPU
		{C8A71752-3BD9-41BF-AC20-129E6762B507}.Debug|x86.Build.0 = Debug|Any CPU
		{C8A71752-3BD9-41BF-AC20-129E6762B507}.Release|Any CPU.ActiveCfg = Release|Any CPU
		{C8A71752-3BD9-41BF-AC20-129E6762B507}.Release|Any CPU.Build.0 = Release|Any CPU
		{C8A71752-3BD9-41BF-AC20-129E6762B507}.Release|x64.ActiveCfg = Release|Any CPU
		{C8A71752-3BD9-41BF-AC20-129E6762B507}.Release|x64.Build.0 = Release|Any CPU
		{C8A71752-3BD9-41BF-AC20-129E6762B507}.Release|x86.ActiveCfg = Release|Any CPU
		{C8A71752-3BD9-41BF-AC20-129E6762B507}.Release|x86.Build.0 = Release|Any CPU
		{CD0ECAFC-39F6-4BDC-8CF1-9719E7B3D121}.Debug|Any CPU.ActiveCfg = Debug|Any CPU
		{CD0ECAFC-39F6-4BDC-8CF1-9719E7B3D121}.Debug|Any CPU.Build.0 = Debug|Any CPU
		{CD0ECAFC-39F6-4BDC-8CF1-9719E7B3D121}.Debug|x64.ActiveCfg = Debug|Any CPU
		{CD0ECAFC-39F6-4BDC-8CF1-9719E7B3D121}.Debug|x64.Build.0 = Debug|Any CPU
		{CD0ECAFC-39F6-4BDC-8CF1-9719E7B3D121}.Debug|x86.ActiveCfg = Debug|Any CPU
		{CD0ECAFC-39F6-4BDC-8CF1-9719E7B3D121}.Debug|x86.Build.0 = Debug|Any CPU
		{CD0ECAFC-39F6-4BDC-8CF1-9719E7B3D121}.Release|Any CPU.ActiveCfg = Release|Any CPU
		{CD0ECAFC-39F6-4BDC-8CF1-9719E7B3D121}.Release|Any CPU.Build.0 = Release|Any CPU
		{CD0ECAFC-39F6-4BDC-8CF1-9719E7B3D121}.Release|x64.ActiveCfg = Release|Any CPU
		{CD0ECAFC-39F6-4BDC-8CF1-9719E7B3D121}.Release|x64.Build.0 = Release|Any CPU
		{CD0ECAFC-39F6-4BDC-8CF1-9719E7B3D121}.Release|x86.ActiveCfg = Release|Any CPU
		{CD0ECAFC-39F6-4BDC-8CF1-9719E7B3D121}.Release|x86.Build.0 = Release|Any CPU
	EndGlobalSection
	GlobalSection(SolutionProperties) = preSolution
		HideSolutionNode = FALSE
	EndGlobalSection
	GlobalSection(NestedProjects) = preSolution
		{99CD52E5-9972-469C-AF5F-93C3E7C23DB9} = {827E0CD3-B72D-47B6-A68D-7590B98EB39B}
		{A39DF8CA-4569-49AF-8A68-9C0FD442C2BA} = {827E0CD3-B72D-47B6-A68D-7590B98EB39B}
		{3892036D-D368-41FE-B20A-833869A74C2A} = {827E0CD3-B72D-47B6-A68D-7590B98EB39B}
		{C8A71752-3BD9-41BF-AC20-129E6762B507} = {827E0CD3-B72D-47B6-A68D-7590B98EB39B}
		{CD0ECAFC-39F6-4BDC-8CF1-9719E7B3D121} = {0AB3BF05-4346-4AA6-1389-037BE0695223}
	EndGlobalSection
EndGlobal
